{
    "_meta": {
        "hash": {
            "sha256": "cfdd681d13973dbedad908653ca0ddb0dde9b416bdae584b1773dc5ab509cf07"
        },
        "pipfile-spec": 6,
        "requires": {
            "python_version": "3.9"
        },
        "sources": [
            {
                "name": "pypi",
                "url": "https://pypi.org/simple",
                "verify_ssl": true
            }
        ]
    },
    "default": {},
    "develop": {
        "pyhcl": {
            "hashes": [
                "sha256:2d9b9dcdf1023d812bfed561ba72c99104c5b3f52e558d595130a44ce081b003"
            ],
            "index": "pypi",
            "version": "==0.4.4"
        }
    }
}
