{
    "_meta": {
        "hash": {
            "sha256": "2b0ea47963a10678916bdd7a32a034f6bb6012367a2b1699c492daed47a01b42"
        },
        "pipfile-spec": 6,
        "requires": {
            "python_version": "3.9"
        },
        "sources": [
            {
                "name": "pypi",
                "url": "https://pypi.org/simple",
                "verify_ssl": true
            }
        ]
    },
    "default": {},
    "develop": {}
}
